# This file is automatically @generated by Cargo.
# It is not intended for manual editing.
version = 4

[[package]]
name = "adoc-adapters"
version = "0.1.0"
dependencies = [
 "adoc-application",
 "adoc-ports",
]

[[package]]
name = "adoc-api"
version = "0.1.0"
dependencies = [
 "adoc-adapters",
 "adoc-application",
 "adoc-telemetry",
]

[[package]]
name = "adoc-application"
version = "0.1.0"
dependencies = [
 "adoc-collaboration",
 "adoc-document",
 "adoc-governance",
 "adoc-identity",
 "adoc-kernel",
 "adoc-knowledge",
 "adoc-operations",
 "adoc-ports",
 "adoc-writing-intelligence",
]

[[package]]
name = "adoc-collaboration"
version = "0.1.0"
dependencies = [
 "adoc-kernel",
]

[[package]]
name = "adoc-document"
version = "0.1.0"
dependencies = [
 "adoc-kernel",
]

[[package]]
name = "adoc-governance"
version = "0.1.0"
dependencies = [
 "adoc-kernel",
]

[[package]]
name = "adoc-identity"
version = "0.1.0"
dependencies = [
 "adoc-kernel",
]

[[package]]
name = "adoc-kernel"
version = "0.1.0"

[[package]]
name = "adoc-knowledge"
version = "0.1.0"
dependencies = [
 "adoc-kernel",
]

[[package]]
name = "adoc-operations"
version = "0.1.0"
dependencies = [
 "adoc-kernel",
]

[[package]]
name = "adoc-ports"
version = "0.1.0"
dependencies = [
 "adoc-kernel",
]

[[package]]
name = "adoc-telemetry"
version = "0.1.0"

[[package]]
name = "adoc-test-support"
version = "0.1.0"
dependencies = [
 "adoc-adapters",
 "adoc-application",
 "adoc-collaboration",
 "adoc-document",
 "adoc-governance",
 "adoc-identity",
 "adoc-kernel",
 "adoc-knowledge",
 "adoc-operations",
 "adoc-ports",
 "adoc-telemetry",
 "adoc-writing-intelligence",
]

[[package]]
name = "adoc-worker"
version = "0.1.0"
dependencies = [
 "adoc-adapters",
 "adoc-application",
 "adoc-telemetry",
]

[[package]]
name = "adoc-writing-intelligence"
version = "0.1.0"
dependencies = [
 "adoc-kernel",
]
